
Microsoft Visual Studio Solution File, Format Version 12.00
# Visual Studio Version 16
VisualStudioVersion = 16.0.33130.400
MinimumVisualStudioVersion = 10.0.40219.1
Project("{FAE04EC0-301F-11D3-BF4B-00C04F79EFBC}") = "Ornekler", "Ornekler\Ornekler.csproj", "{4D7B7470-5CB4-403E-B7A1-C41151825F26}"
EndProject
Global
	GlobalSection(SolutionConfigurationPlatforms) = preSolution
		Debug|Any CPU = Debug|Any CPU
		Release|Any CPU = Release|Any CPU
	EndGlobalSection
	GlobalSection(ProjectConfigurationPlatforms) = postSolution
		{4D7B7470-5CB4-403E-B7A1-C41151825F26}.Debug|Any CPU.ActiveCfg = Debug|Any CPU
		{4D7B7470-5CB4-403E-B7A1-C41151825F26}.Debug|Any CPU.Build.0 = Debug|Any CPU
		{4D7B7470-5CB4-403E-B7A1-C41151825F26}.Release|Any CPU.ActiveCfg = Release|Any CPU
		{4D7B7470-5CB4-403E-B7A1-C41151825F26}.Release|Any CPU.Build.0 = Release|Any CPU
	EndGlobalSection
	GlobalSection(SolutionProperties) = preSolution
		HideSolutionNode = FALSE
	EndGlobalSection
	GlobalSection(ExtensibilityGlobals) = postSolution
		SolutionGuid = {D85A77D2-B2E9-43D9-86E2-29604725EB7F}
	EndGlobalSection
EndGlobal
